
Microsoft Visual Studio Solution File, Format Version 12.00
# Visual Studio Version 16
VisualStudioVersion = 16.0.30907.101
MinimumVisualStudioVersion = 10.0.40219.1
Project("{9A19103F-16F7-4668-BE54-9A1E7A4F7556}") = "PhoneBook.Api", "PhoneBook.Api\PhoneBook.Api.csproj", "{0133E134-E280-49CA-ACAD-89417D20E568}"
EndProject
Project("{00D1A9C2-B5F0-4AF3-8072-F6C62B433612}") = "PhoneBook.Db", "PhoneBook.Db\PhoneBook.Db.sqlproj", "{8F386141-2555-478E-82C2-96950660DDBA}"
EndProject
Project("{2150E333-8FDC-42A3-9474-1A3956D46DE8}") = "Solution Items", "Solution Items", "{1187F073-7CF1-41B2-A680-A87321AF47A0}"
	ProjectSection(SolutionItems) = preProject
		ReadMe.txt = ReadMe.txt
	EndProjectSection
EndProject
Project("{9A19103F-16F7-4668-BE54-9A1E7A4F7556}") = "PhoneBook.Entities", "PhoneBook.Entities\PhoneBook.Entities.csproj", "{B044263B-9334-4380-B19C-D398842352EA}"
EndProject
Project("{FAE04EC0-301F-11D3-BF4B-00C04F79EFBC}") = "PhoneBook.Api.Tests", "PhoneBook.Api.Tests\PhoneBook.Api.Tests.csproj", "{670A076C-93FE-4423-8C4B-2ECCE4D2B552}"
EndProject
Global
	GlobalSection(SolutionConfigurationPlatforms) = preSolution
		Debug|Any CPU = Debug|Any CPU
		Release|Any CPU = Release|Any CPU
	EndGlobalSection
	GlobalSection(ProjectConfigurationPlatforms) = postSolution
		{0133E134-E280-49CA-ACAD-89417D20E568}.Debug|Any CPU.ActiveCfg = Debug|Any CPU
		{0133E134-E280-49CA-ACAD-89417D20E568}.Debug|Any CPU.Build.0 = Debug|Any CPU
		{0133E134-E280-49CA-ACAD-89417D20E568}.Release|Any CPU.ActiveCfg = Release|Any CPU
		{0133E134-E280-49CA-ACAD-89417D20E568}.Release|Any CPU.Build.0 = Release|Any CPU
		{8F386141-2555-478E-82C2-96950660DDBA}.Debug|Any CPU.ActiveCfg = Debug|Any CPU
		{8F386141-2555-478E-82C2-96950660DDBA}.Debug|Any CPU.Build.0 = Debug|Any CPU
		{8F386141-2555-478E-82C2-96950660DDBA}.Debug|Any CPU.Deploy.0 = Debug|Any CPU
		{8F386141-2555-478E-82C2-96950660DDBA}.Release|Any CPU.ActiveCfg = Release|Any CPU
		{8F386141-2555-478E-82C2-96950660DDBA}.Release|Any CPU.Build.0 = Release|Any CPU
		{8F386141-2555-478E-82C2-96950660DDBA}.Release|Any CPU.Deploy.0 = Release|Any CPU
		{B044263B-9334-4380-B19C-D398842352EA}.Debug|Any CPU.ActiveCfg = Debug|Any CPU
		{B044263B-9334-4380-B19C-D398842352EA}.Debug|Any CPU.Build.0 = Debug|Any CPU
		{B044263B-9334-4380-B19C-D398842352EA}.Release|Any CPU.ActiveCfg = Release|Any CPU
		{B044263B-9334-4380-B19C-D398842352EA}.Release|Any CPU.Build.0 = Release|Any CPU
		{670A076C-93FE-4423-8C4B-2ECCE4D2B552}.Debug|Any CPU.ActiveCfg = Debug|Any CPU
		{670A076C-93FE-4423-8C4B-2ECCE4D2B552}.Debug|Any CPU.Build.0 = Debug|Any CPU
		{670A076C-93FE-4423-8C4B-2ECCE4D2B552}.Release|Any CPU.ActiveCfg = Release|Any CPU
		{670A076C-93FE-4423-8C4B-2ECCE4D2B552}.Release|Any CPU.Build.0 = Release|Any CPU
	EndGlobalSection
	GlobalSection(SolutionProperties) = preSolution
		HideSolutionNode = FALSE
	EndGlobalSection
	GlobalSection(ExtensibilityGlobals) = postSolution
		SolutionGuid = {B4E1BD1A-9E2B-495D-AD9B-48A7AB954F4D}
	EndGlobalSection
EndGlobal
